
Microsoft Visual Studio Solution File, Format Version 12.00
Project("{FAE04EC0-301F-11D3-BF4B-00C04F79EFBC}") = "GameJam17", "GameJam17\GameJam17.csproj", "{BC4F0AFC-622B-408A-851B-2A2D7D7EEFD1}"
EndProject
Global
	GlobalSection(SolutionConfigurationPlatforms) = preSolution
		Debug|Any CPU = Debug|Any CPU
		Release|Any CPU = Release|Any CPU
	EndGlobalSection
	GlobalSection(ProjectConfigurationPlatforms) = postSolution
		{BC4F0AFC-622B-408A-851B-2A2D7D7EEFD1}.Debug|Any CPU.ActiveCfg = Debug|Any CPU
		{BC4F0AFC-622B-408A-851B-2A2D7D7EEFD1}.Debug|Any CPU.Build.0 = Debug|Any CPU
		{BC4F0AFC-622B-408A-851B-2A2D7D7EEFD1}.Release|Any CPU.ActiveCfg = Release|Any CPU
		{BC4F0AFC-622B-408A-851B-2A2D7D7EEFD1}.Release|Any CPU.Build.0 = Release|Any CPU
	EndGlobalSection
EndGlobal
